lockfileVersion: '9.0'

settings:
  autoInstallPeers: true
  excludeLinksFromLockfile: false

importers:

  .:
    dependencies:
      '@faker-js/faker':
        specifier: ^10.3.0
        version: 10.3.0
      '@thi.ng/bench':
        specifier: ^3.6.41
        version: 3.6.41
      arktype:
        specifier: ^2.1.29
        version: 2.1.29
      benchmark:
        specifier: ^2.1.4
        version: 2.1.4
      es-toolkit:
        specifier: ^1.44.0
        version: 1.44.0
      just-random-integer:
        specifier: ^4.2.0
        version: 4.2.0
      lodash-es:
        specifier: ^4.17.23
        version: 4.17.23
      mitata:
        specifier: ^1.0.34
        version: 1.0.34
      radash:
        specifier: ^12.1.1
        version: 12.1.1
      remeda:
        specifier: ^2.33.6
        version: 2.33.6
      tinybench:
        specifier: ^6.0.0
        version: 6.0.0
      zod:
        specifier: 4.3.6
        version: 4.3.6
    devDependencies:
      '@types/benchmark':
        specifier: ^2.1.5
        version: 2.1.5
      '@types/lodash-es':
        specifier: ^4.17.12
        version: 4.17.12
      '@types/node':
        specifier: ^25.3.0
        version: 25.3.0
      oxlint:
        specifier: ^1.49.0
        version: 1.49.0(oxlint-tsgolint@0.14.2)
      oxlint-tsgolint:
        specifier: ^0.14.2
        version: 0.14.2
      prettier:
        specifier: ^3.8.1
        version: 3.8.1

packages:

  '@ark/schema@0.56.0':
    resolution: {integrity: sha512-ECg3hox/6Z/nLajxXqNhgPtNdHWC9zNsDyskwO28WinoFEnWow4IsERNz9AnXRhTZJnYIlAJ4uGn3nlLk65vZA==}

  '@ark/util@0.56.0':
    resolution: {integrity: sha512-BghfRC8b9pNs3vBoDJhcta0/c1J1rsoS1+HgVUreMFPdhz/CRAKReAu57YEllNaSy98rWAdY1gE+gFup7OXpgA==}

  '@faker-js/faker@10.3.0':
    resolution: {integrity: sha512-It0Sne6P3szg7JIi6CgKbvTZoMjxBZhcv91ZrqrNuaZQfB5WoqYYbzCUOq89YR+VY8juY9M1vDWmDDa2TzfXCw==}
    engines: {node: ^20.19.0 || ^22.13.0 || ^23.5.0 || >=24.0.0, npm: '>=10'}

  '@oxlint-tsgolint/darwin-arm64@0.14.2':
    resolution: {integrity: sha512-03WxIXguCXf1pTmoG2C6vqRcbrU9GaJCW6uTIiQdIQq4BrJnVWZv99KEUQQRkuHK78lOLa9g7B4K58NcVcB54g==}
    cpu: [arm64]
    os: [darwin]

  '@oxlint-tsgolint/darwin-x64@0.14.2':
    resolution: {integrity: sha512-ksMLl1cIWz3Jw+U79BhyCPdvohZcJ/xAKri5bpT6oeEM2GVnQCHBk/KZKlYrd7hZUTxz0sLnnKHE11XFnLASNQ==}
    cpu: [x64]
    os: [darwin]

  '@oxlint-tsgolint/linux-arm64@0.14.2':
    resolution: {integrity: sha512-2BgR535w7GLxBCyQD5DR3dBzbAgiBbG5QX1kAEVzOmWxJhhGxt5lsHdHebRo7ilukYLpBDkerz0mbMErblghCQ==}
    cpu: [arm64]
    os: [linux]

  '@oxlint-tsgolint/linux-x64@0.14.2':
    resolution: {integrity: sha512-TUHFyVHfbbGtnTQZbUFgwvv3NzXBgzNLKdMUJw06thpiC7u5OW5qdk4yVXIC/xeVvdl3NAqTfcT4sA32aiMubg==}
    cpu: [x64]
    os: [linux]

  '@oxlint-tsgolint/win32-arm64@0.14.2':
    resolution: {integrity: sha512-OfYHa/irfVggIFEC4TbawsI7Hwrttppv//sO/e00tu4b2QRga7+VHAwtCkSFWSr0+BsO4InRYVA0+pun5BinpQ==}
    cpu: [arm64]
    os: [win32]

  '@oxlint-tsgolint/win32-x64@0.14.2':
    resolution: {integrity: sha512-5gxwbWYE2pP+pzrO4SEeYvLk4N609eAe18rVXUx+en3qtHBkU8VM2jBmMcZdIHn+G05leu4pYvwAvw6tvT9VbA==}
    cpu: [x64]
    os: [win32]

  '@oxlint/binding-android-arm-eabi@1.49.0':
    resolution: {integrity: sha512-2WPoh/2oK9r/i2R4o4J18AOrm3HVlWiHZ8TnuCaS4dX8m5ZzRmHW0I3eLxEurQLHWVruhQN7fHgZnah+ag5iQg==}
    engines: {node: ^20.19.0 || >=22.12.0}
    cpu: [arm]
    os: [android]

  '@oxlint/binding-android-arm64@1.49.0':
    resolution: {integrity: sha512-YqJAGvNB11EzoKm1euVhZntb79alhMvWW/j12bYqdvVxn6xzEQWrEDCJg9BPo3A3tBCSUBKH7bVkAiCBqK/L1w==}
    engines: {node: ^20.19.0 || >=22.12.0}
    cpu: [arm64]
    os: [android]

  '@oxlint/binding-darwin-arm64@1.49.0':
    resolution: {integrity: sha512-WFocCRlvVkMhChCJ2qpJfp1Gj/IjvyjuifH9Pex8m8yHonxxQa3d8DZYreuDQU3T4jvSY8rqhoRqnpc61Nlbxw==}
    engines: {node: ^20.19.0 || >=22.12.0}
    cpu: [arm64]
    os: [darwin]

  '@oxlint/binding-darwin-x64@1.49.0':
    resolution: {integrity: sha512-BN0KniwvehbUfYztOMwEDkYoojGm/narf5oJf+/ap+6PnzMeWLezMaVARNIS0j3OdMkjHTEP8s3+GdPJ7WDywQ==}
    engines: {node: ^20.19.0 || >=22.12.0}
    cpu: [x64]
    os: [darwin]

  '@oxlint/binding-freebsd-x64@1.49.0':
    resolution: {integrity: sha512-SnkAc/DPIY6joMCiP/+53Q+N2UOGMU6ULvbztpmvPJNF/jYPGhNbKtN982uj2Gs6fpbxYkmyj08QnpkD4fbHJA==}
    engines: {node: ^20.19.0 || >=22.12.0}
    cpu: [x64]
    os: [freebsd]

  '@oxlint/binding-linux-arm-gnueabihf@1.49.0':
    resolution: {integrity: sha512-6Z3EzRvpQVIpO7uFhdiGhdE8Mh3S2VWKLL9xuxVqD6fzPhyI3ugthpYXlCChXzO8FzcYIZ3t1+Kau+h2NY1hqA==}
    engines: {node: ^20.19.0 || >=22.12.0}
    cpu: [arm]
    os: [linux]

  '@oxlint/binding-linux-arm-musleabihf@1.49.0':
    resolution: {integrity: sha512-wdjXaQYAL/L25732mLlngfst4Jdmi/HLPVHb3yfCoP5mE3lO/pFFrmOJpqWodgv29suWY74Ij+RmJ/YIG5VuzQ==}
    engines: {node: ^20.19.0 || >=22.12.0}
    cpu: [arm]
    os: [linux]

  '@oxlint/binding-linux-arm64-gnu@1.49.0':
    resolution: {integrity: sha512-oSHpm8zmSvAG1BWUumbDRSg7moJbnwoEXKAkwDf/xTQJOzvbUknq95NVQdw/AduZr5dePftalB8rzJNGBogUMg==}
    engines: {node: ^20.19.0 || >=22.12.0}
    cpu: [arm64]
    os: [linux]
    libc: [glibc]

  '@oxlint/binding-linux-arm64-musl@1.49.0':
    resolution: {integrity: sha512-xeqkMOARgGBlEg9BQuPDf6ZW711X6BT5qjDyeM5XNowCJeTSdmMhpePJjTEiVbbr3t21sIlK8RE6X5bc04nWyQ==}
    engines: {node: ^20.19.0 || >=22.12.0}
    cpu: [arm64]
    os: [linux]
    libc: [musl]

  '@oxlint/binding-linux-ppc64-gnu@1.49.0':
    resolution: {integrity: sha512-uvcqRO6PnlJGbL7TeePhTK5+7/JXbxGbN+C6FVmfICDeeRomgQqrfVjf0lUrVpUU8ii8TSkIbNdft3M+oNlOsQ==}
    engines: {node: ^20.19.0 || >=22.12.0}
    cpu: [ppc64]
    os: [linux]
    libc: [glibc]

  '@oxlint/binding-linux-riscv64-gnu@1.49.0':
    resolution: {integrity: sha512-Dw1HkdXAwHNH+ZDserHP2RzXQmhHtpsYYI0hf8fuGAVCIVwvS6w1+InLxpPMY25P8ASRNiFN3hADtoh6lI+4lg==}
    engines: {node: ^20.19.0 || >=22.12.0}
    cpu: [riscv64]
    os: [linux]
    libc: [glibc]

  '@oxlint/binding-linux-riscv64-musl@1.49.0':
    resolution: {integrity: sha512-EPlMYaA05tJ9km/0dI9K57iuMq3Tw+nHst7TNIegAJZrBPtsOtYaMFZEaWj02HA8FI5QvSnRHMt+CI+RIhXJBQ==}
    engines: {node: ^20.19.0 || >=22.12.0}
    cpu: [riscv64]
    os: [linux]
    libc: [musl]

  '@oxlint/binding-linux-s390x-gnu@1.49.0':
    resolution: {integrity: sha512-yZiQL9qEwse34aMbnMb5VqiAWfDY+fLFuoJbHOuzB1OaJZbN1MRF9Nk+W89PIpGr5DNPDipwjZb8+Q7wOywoUQ==}
    engines: {node: ^20.19.0 || >=22.12.0}
    cpu: [s390x]
    os: [linux]
    libc: [glibc]

  '@oxlint/binding-linux-x64-gnu@1.49.0':
    resolution: {integrity: sha512-CcCDwMMXSchNkhdgvhVn3DLZ4EnBXAD8o8+gRzahg+IdSt/72y19xBgShJgadIRF0TsRcV/MhDUMwL5N/W54aQ==}
    engines: {node: ^20.19.0 || >=22.12.0}
    cpu: [x64]
    os: [linux]
    libc: [glibc]

  '@oxlint/binding-linux-x64-musl@1.49.0':
    resolution: {integrity: sha512-u3HfKV8BV6t6UCCbN0RRiyqcymhrnpunVmLFI8sEa5S/EBu+p/0bJ3D7LZ2KT6PsBbrB71SWq4DeFrskOVgIZg==}
    engines: {node: ^20.19.0 || >=22.12.0}
    cpu: [x64]
    os: [linux]
    libc: [musl]

  '@oxlint/binding-openharmony-arm64@1.49.0':
    resolution: {integrity: sha512-dRDpH9fw+oeUMpM4br0taYCFpW6jQtOuEIec89rOgDA1YhqwmeRcx0XYeCv7U48p57qJ1XZHeMGM9LdItIjfzA==}
    engines: {node: ^20.19.0 || >=22.12.0}
    cpu: [arm64]
    os: [openharmony]

  '@oxlint/binding-win32-arm64-msvc@1.49.0':
    resolution: {integrity: sha512-6rrKe/wL9tn0qnOy76i1/0f4Dc3dtQnibGlU4HqR/brVHlVjzLSoaH0gAFnLnznh9yQ6gcFTBFOPrcN/eKPDGA==}
    engines: {node: ^20.19.0 || >=22.12.0}
    cpu: [arm64]
    os: [win32]

  '@oxlint/binding-win32-ia32-msvc@1.49.0':
    resolution: {integrity: sha512-CXHLWAtLs2xG/aVy1OZiYJzrULlq0QkYpI6cd7VKMrab+qur4fXVE/B1Bp1m0h1qKTj5/FTGg6oU4qaXMjS/ug==}
    engines: {node: ^20.19.0 || >=22.12.0}
    cpu: [ia32]
    os: [win32]

  '@oxlint/binding-win32-x64-msvc@1.49.0':
    resolution: {integrity: sha512-VteIelt78kwzSglOozaQcs6BCS4Lk0j+QA+hGV0W8UeyaqQ3XpbZRhDU55NW1PPvCy1tg4VXsTlEaPovqto7nQ==}
    engines: {node: ^20.19.0 || >=22.12.0}
    cpu: [x64]
    os: [win32]

  '@thi.ng/api@8.12.14':
    resolution: {integrity: sha512-AbVvaZcgAv0jx679MCjmTLUleomngealZVpfloDSA/4KRmCVYc8zuJMEXDKPhTlkaB9PvYg7IdJMW4XDvIFE3w==}
    engines: {node: '>=18'}

  '@thi.ng/bench@3.6.41':
    resolution: {integrity: sha512-9zklw1r4YeB2I28CgNsjT5Mk45AjOgyE4RxE9vgZ8YIZLfsKua6B4jYwF5cN5SZLT7alUsvjvAsufhads1lfvQ==}
    engines: {node: '>=18'}

  '@thi.ng/timestamp@1.1.33':
    resolution: {integrity: sha512-mZM3ABpLjOxVR8Y4DbquecWog36+CiiqN6W18RUyFIz1/O4mPWJlfz7tlU5znqG2GfhLuBGLcgJhIxZHFzVDdA==}
    engines: {node: '>=18'}

  '@types/benchmark@2.1.5':
    resolution: {integrity: sha512-cKio2eFB3v7qmKcvIHLUMw/dIx/8bhWPuzpzRT4unCPRTD8VdA9Zb0afxpcxOqR4PixRS7yT42FqGS8BYL8g1w==}

  '@types/lodash-es@4.17.12':
    resolution: {integrity: sha512-0NgftHUcV4v34VhXm8QBSftKVXtbkBG3ViCjs6+eJ5a6y6Mi/jiFGPc1sC7QK+9BFhWrURE3EOggmWaSxL9OzQ==}

  '@types/lodash@4.17.6':
    resolution: {integrity: sha512-OpXEVoCKSS3lQqjx9GGGOapBeuW5eUboYHRlHP9urXPX25IKZ6AnP5ZRxtVf63iieUbsHxLn8NQ5Nlftc6yzAA==}

  '@types/node@25.3.0':
    resolution: {integrity: sha512-4K3bqJpXpqfg2XKGK9bpDTc6xO/xoUP/RBWS7AtRMug6zZFaRekiLzjVtAoZMquxoAbzBvy5nxQ7veS5eYzf8A==}

  arkregex@0.0.5:
    resolution: {integrity: sha512-ncYjBdLlh5/QnVsAA8De16Tc9EqmYM7y/WU9j+236KcyYNUXogpz3sC4ATIZYzzLxwI+0sEOaQLEmLmRleaEXw==}

  arktype@2.1.29:
    resolution: {integrity: sha512-jyfKk4xIOzvYNayqnD8ZJQqOwcrTOUbIU4293yrzAjA3O1dWh61j71ArMQ6tS/u4pD7vabSPe7nG3RCyoXW6RQ==}

  benchmark@2.1.4:
    resolution: {integrity: sha1-CfPeMckWQl1JjMLuVloOvzwqVik=}

  es-toolkit@1.44.0:
    resolution: {integrity: sha512-6penXeZalaV88MM3cGkFZZfOoLGWshWWfdy0tWw/RlVVyhvMaWSBTOvXNeiW3e5FwdS5ePW0LGEu17zT139ktg==}

  just-random-integer@4.2.0:
    resolution: {integrity: sha512-MfabwcY+RQNCVCmZZkTYDpk/AT315+7Rkoj59+abzYxgUOiSdoZ4G5hbK/4VZqdHScu95Wnd+1MqxyUETM6xuQ==}

  lodash-es@4.17.23:
    resolution: {integrity: sha512-kVI48u3PZr38HdYz98UmfPnXl2DXrpdctLrFLCd3kOx1xUkOmpFPx7gCWWM5MPkL/fD8zb+Ph0QzjGFs4+hHWg==}

  lodash@4.17.21:
    resolution: {integrity: sha512-v2kDEe57lecTulaDIuNTPy3Ry4gLGJ6Z1O3vE1krgXZNrsQ+LFTGHVxVjcXPs17LhbZVGedAJv8XZ1tvj5FvSg==}

  mitata@1.0.34:
    resolution: {integrity: sha512-Mc3zrtNBKIMeHSCQ0XqRLo1vbdIx1wvFV9c8NJAiyho6AjNfMY8bVhbS12bwciUdd1t4rj8099CH3N3NFahaUA==}

  oxlint-tsgolint@0.14.2:
    resolution: {integrity: sha512-XJsFIQwnYJgXFlNDz2MncQMWYxwnfy4BCy73mdiFN/P13gEZrAfBU4Jmz2XXFf9UG0wPILdi7hYa6t0KmKQLhw==}
    hasBin: true

  oxlint@1.49.0:
    resolution: {integrity: sha512-YZffp0gM+63CJoRhHjtjRnwKtAgUnXM6j63YQ++aigji2NVvLGsUlrXo9gJUXZOdcbfShLYtA6RuTu8GZ4lzOQ==}
    engines: {node: ^20.19.0 || >=22.12.0}
    hasBin: true
    peerDependencies:
      oxlint-tsgolint: '>=0.14.1'
    peerDependenciesMeta:
      oxlint-tsgolint:
        optional: true

  platform@1.3.6:
    resolution: {integrity: sha512-fnWVljUchTro6RiCFvCXBbNhJc2NijN7oIQxbwsyL0buWJPG85v81ehlHI9fXrJsMNgTofEoWIQeClKpgxFLrg==}

  prettier@3.8.1:
    resolution: {integrity: sha512-UOnG6LftzbdaHZcKoPFtOcCKztrQ57WkHDeRD9t/PTQtmT0NHSeWWepj6pS0z/N7+08BHFDQVUrfmfMRcZwbMg==}
    engines: {node: '>=14'}
    hasBin: true

  radash@12.1.1:
    resolution: {integrity: sha512-h36JMxKRqrAxVD8201FrCpyeNuUY9Y5zZwujr20fFO77tpUtGa6EZzfKw/3WaiBX95fq7+MpsuMLNdSnORAwSA==}
    engines: {node: '>=14.18.0'}

  remeda@2.33.6:
    resolution: {integrity: sha512-tazDGH7s75kUPGBKLvhgBEHMgW+TdDFhjUAMdQj57IoWz6HsGa5D2RX5yDUz6IIqiRRvZiaEHzCzWdTeixc/Kg==}

  tinybench@6.0.0:
    resolution: {integrity: sha512-BWlWpVbbZXaYjRV0twGLNQO00Zj4HA/sjLOQP2IvzQqGwRGp+2kh7UU3ijyJ3ywFRogYDRbiHDMrUOfaMnN56g==}
    engines: {node: '>=20.0.0'}

  undici-types@7.18.2:
    resolution: {integrity: sha512-AsuCzffGHJybSaRrmr5eHr81mwJU3kjw6M+uprWvCXiNeN9SOGwQ3Jn8jb8m3Z6izVgknn1R0FTCEAP2QrLY/w==}

  zod@4.3.6:
    resolution: {integrity: sha512-rftlrkhHZOcjDwkGlnUtZZkvaPHCsDATp4pGpuOOMDaTdDDXF91wuVDJoWoPsKX/3YPQ5fHuF3STjcYyKr+Qhg==}

snapshots:

  '@ark/schema@0.56.0':
    dependencies:
      '@ark/util': 0.56.0

  '@ark/util@0.56.0': {}

  '@faker-js/faker@10.3.0': {}

  '@oxlint-tsgolint/darwin-arm64@0.14.2':
    optional: true

  '@oxlint-tsgolint/darwin-x64@0.14.2':
    optional: true

  '@oxlint-tsgolint/linux-arm64@0.14.2':
    optional: true

  '@oxlint-tsgolint/linux-x64@0.14.2':
    optional: true

  '@oxlint-tsgolint/win32-arm64@0.14.2':
    optional: true

  '@oxlint-tsgolint/win32-x64@0.14.2':
    optional: true

  '@oxlint/binding-android-arm-eabi@1.49.0':
    optional: true

  '@oxlint/binding-android-arm64@1.49.0':
    optional: true

  '@oxlint/binding-darwin-arm64@1.49.0':
    optional: true

  '@oxlint/binding-darwin-x64@1.49.0':
    optional: true

  '@oxlint/binding-freebsd-x64@1.49.0':
    optional: true

  '@oxlint/binding-linux-arm-gnueabihf@1.49.0':
    optional: true

  '@oxlint/binding-linux-arm-musleabihf@1.49.0':
    optional: true

  '@oxlint/binding-linux-arm64-gnu@1.49.0':
    optional: true

  '@oxlint/binding-linux-arm64-musl@1.49.0':
    optional: true

  '@oxlint/binding-linux-ppc64-gnu@1.49.0':
    optional: true

  '@oxlint/binding-linux-riscv64-gnu@1.49.0':
    optional: true

  '@oxlint/binding-linux-riscv64-musl@1.49.0':
    optional: true

  '@oxlint/binding-linux-s390x-gnu@1.49.0':
    optional: true

  '@oxlint/binding-linux-x64-gnu@1.49.0':
    optional: true

  '@oxlint/binding-linux-x64-musl@1.49.0':
    optional: true

  '@oxlint/binding-openharmony-arm64@1.49.0':
    optional: true

  '@oxlint/binding-win32-arm64-msvc@1.49.0':
    optional: true

  '@oxlint/binding-win32-ia32-msvc@1.49.0':
    optional: true

  '@oxlint/binding-win32-x64-msvc@1.49.0':
    optional: true

  '@thi.ng/api@8.12.14': {}

  '@thi.ng/bench@3.6.41':
    dependencies:
      '@thi.ng/api': 8.12.14
      '@thi.ng/timestamp': 1.1.33

  '@thi.ng/timestamp@1.1.33': {}

  '@types/benchmark@2.1.5': {}

  '@types/lodash-es@4.17.12':
    dependencies:
      '@types/lodash': 4.17.6

  '@types/lodash@4.17.6': {}

  '@types/node@25.3.0':
    dependencies:
      undici-types: 7.18.2

  arkregex@0.0.5:
    dependencies:
      '@ark/util': 0.56.0

  arktype@2.1.29:
    dependencies:
      '@ark/schema': 0.56.0
      '@ark/util': 0.56.0
      arkregex: 0.0.5

  benchmark@2.1.4:
    dependencies:
      lodash: 4.17.21
      platform: 1.3.6

  es-toolkit@1.44.0: {}

  just-random-integer@4.2.0: {}

  lodash-es@4.17.23: {}

  lodash@4.17.21: {}

  mitata@1.0.34: {}

  oxlint-tsgolint@0.14.2:
    optionalDependencies:
      '@oxlint-tsgolint/darwin-arm64': 0.14.2
      '@oxlint-tsgolint/darwin-x64': 0.14.2
      '@oxlint-tsgolint/linux-arm64': 0.14.2
      '@oxlint-tsgolint/linux-x64': 0.14.2
      '@oxlint-tsgolint/win32-arm64': 0.14.2
      '@oxlint-tsgolint/win32-x64': 0.14.2

  oxlint@1.49.0(oxlint-tsgolint@0.14.2):
    optionalDependencies:
      '@oxlint/binding-android-arm-eabi': 1.49.0
      '@oxlint/binding-android-arm64': 1.49.0
      '@oxlint/binding-darwin-arm64': 1.49.0
      '@oxlint/binding-darwin-x64': 1.49.0
      '@oxlint/binding-freebsd-x64': 1.49.0
      '@oxlint/binding-linux-arm-gnueabihf': 1.49.0
      '@oxlint/binding-linux-arm-musleabihf': 1.49.0
      '@oxlint/binding-linux-arm64-gnu': 1.49.0
      '@oxlint/binding-linux-arm64-musl': 1.49.0
      '@oxlint/binding-linux-ppc64-gnu': 1.49.0
      '@oxlint/binding-linux-riscv64-gnu': 1.49.0
      '@oxlint/binding-linux-riscv64-musl': 1.49.0
      '@oxlint/binding-linux-s390x-gnu': 1.49.0
      '@oxlint/binding-linux-x64-gnu': 1.49.0
      '@oxlint/binding-linux-x64-musl': 1.49.0
      '@oxlint/binding-openharmony-arm64': 1.49.0
      '@oxlint/binding-win32-arm64-msvc': 1.49.0
      '@oxlint/binding-win32-ia32-msvc': 1.49.0
      '@oxlint/binding-win32-x64-msvc': 1.49.0
      oxlint-tsgolint: 0.14.2

  platform@1.3.6: {}

  prettier@3.8.1: {}

  radash@12.1.1: {}

  remeda@2.33.6: {}

  tinybench@6.0.0: {}

  undici-types@7.18.2: {}

  zod@4.3.6: {}
