lockfileVersion: '6.0'

settings:
  autoInstallPeers: true
  excludeLinksFromLockfile: false

dependencies:
  '@thi.ng/bench':
    specifier: ^3.4.6
    version: 3.4.6
  benchmark:
    specifier: ^2.1.4
    version: 2.1.4
  just-random-integer:
    specifier: ^4.2.0
    version: 4.2.0

devDependencies:
  '@types/benchmark':
    specifier: ^2.1.3
    version: 2.1.3
  '@types/node':
    specifier: ^20.7.1
    version: 20.7.1
  prettier:
    specifier: ^3.0.3
    version: 3.0.3

packages:

  /@thi.ng/api@8.9.5:
    resolution: {integrity: sha512-8rh1FypiQHzF/pDWqvvlRfRdr78nZe9n3HxbL5Swx9gFDfkU/ZIavW+8uLk8uZFAwnlkMnCOBeVsZEtIsqrVLw==}
    engines: {node: '>=12.7'}
    dev: false

  /@thi.ng/bench@3.4.6:
    resolution: {integrity: sha512-/t6sMdsLP/yxuG1R8bnFVYUz9q3yph/hRJ4UhoAsOjO2vM30ovx/Zn3efR7PyuQtn53BNmPehJcasEj85GdwQQ==}
    engines: {node: '>=12.7'}
    dependencies:
      '@thi.ng/api': 8.9.5
    dev: false

  /@types/benchmark@2.1.3:
    resolution: {integrity: sha512-psuUawgwIy/hSjO4AUDiPBJhJx72e3cBL+YzmVK/5ofRJC02R0NmvrSenGRuSmJc++0j95y2T01xKKNz50FGZw==}
    dev: true

  /@types/node@20.7.1:
    resolution: {integrity: sha512-LT+OIXpp2kj4E2S/p91BMe+VgGX2+lfO+XTpfXhh+bCk2LkQtHZSub8ewFBMGP5ClysPjTDFa4sMI8Q3n4T0wg==}
    dev: true

  /benchmark@2.1.4:
    resolution: {integrity: sha1-CfPeMckWQl1JjMLuVloOvzwqVik=}
    dependencies:
      lodash: 4.17.21
      platform: 1.3.6
    dev: false

  /just-random-integer@4.2.0:
    resolution: {integrity: sha512-MfabwcY+RQNCVCmZZkTYDpk/AT315+7Rkoj59+abzYxgUOiSdoZ4G5hbK/4VZqdHScu95Wnd+1MqxyUETM6xuQ==}
    dev: false

  /lodash@4.17.21:
    resolution: {integrity: sha512-v2kDEe57lecTulaDIuNTPy3Ry4gLGJ6Z1O3vE1krgXZNrsQ+LFTGHVxVjcXPs17LhbZVGedAJv8XZ1tvj5FvSg==}
    dev: false

  /platform@1.3.6:
    resolution: {integrity: sha512-fnWVljUchTro6RiCFvCXBbNhJc2NijN7oIQxbwsyL0buWJPG85v81ehlHI9fXrJsMNgTofEoWIQeClKpgxFLrg==}
    dev: false

  /prettier@3.0.3:
    resolution: {integrity: sha512-L/4pUDMxcNa8R/EthV08Zt42WBO4h1rarVtK0K+QJG0X187OLo7l699jWw0GKuwzkPQ//jMFA/8Xm6Fh3J/DAg==}
    engines: {node: '>=14'}
    hasBin: true
    dev: true
