lockfileVersion: '6.0'

settings:
  autoInstallPeers: true
  excludeLinksFromLockfile: false

dependencies:
  '@thi.ng/bench':
    specifier: ^3.5.1
    version: 3.5.1
  benchmark:
    specifier: ^2.1.4
    version: 2.1.4
  just-random-integer:
    specifier: ^4.2.0
    version: 4.2.0

devDependencies:
  '@types/benchmark':
    specifier: ^2.1.5
    version: 2.1.5
  '@types/node':
    specifier: ^20.11.30
    version: 20.11.30
  prettier:
    specifier: ^3.2.5
    version: 3.2.5

packages:

  /@thi.ng/api@8.9.31:
    resolution: {integrity: sha512-YuodNQ4TnxV8OIa8xiF9JQ+vBam16W3Z9EbTAAgX/VlQUQ7NEVBbFO8eNGcpyrfOoWdSX4b9JcPbAXuB1dfg1g==}
    engines: {node: '>=18'}
    dev: false

  /@thi.ng/bench@3.5.1:
    resolution: {integrity: sha512-ekueeRFmWdXiCB9vnZxzOXKJ9s6ol3injV79hHZXrL+XqjPiP9VyX4fnVvQ/vTCzR27+wYM8fbz3S1veUEF84w==}
    engines: {node: '>=18'}
    dependencies:
      '@thi.ng/api': 8.9.31
    dev: false

  /@types/benchmark@2.1.5:
    resolution: {integrity: sha512-cKio2eFB3v7qmKcvIHLUMw/dIx/8bhWPuzpzRT4unCPRTD8VdA9Zb0afxpcxOqR4PixRS7yT42FqGS8BYL8g1w==}
    dev: true

  /@types/node@20.11.30:
    resolution: {integrity: sha512-dHM6ZxwlmuZaRmUPfv1p+KrdD1Dci04FbdEm/9wEMouFqxYoFl5aMkt0VMAUtYRQDyYvD41WJLukhq/ha3YuTw==}
    dependencies:
      undici-types: 5.26.5
    dev: true

  /benchmark@2.1.4:
    resolution: {integrity: sha1-CfPeMckWQl1JjMLuVloOvzwqVik=}
    dependencies:
      lodash: 4.17.21
      platform: 1.3.6
    dev: false

  /just-random-integer@4.2.0:
    resolution: {integrity: sha512-MfabwcY+RQNCVCmZZkTYDpk/AT315+7Rkoj59+abzYxgUOiSdoZ4G5hbK/4VZqdHScu95Wnd+1MqxyUETM6xuQ==}
    dev: false

  /lodash@4.17.21:
    resolution: {integrity: sha512-v2kDEe57lecTulaDIuNTPy3Ry4gLGJ6Z1O3vE1krgXZNrsQ+LFTGHVxVjcXPs17LhbZVGedAJv8XZ1tvj5FvSg==}
    dev: false

  /platform@1.3.6:
    resolution: {integrity: sha512-fnWVljUchTro6RiCFvCXBbNhJc2NijN7oIQxbwsyL0buWJPG85v81ehlHI9fXrJsMNgTofEoWIQeClKpgxFLrg==}
    dev: false

  /prettier@3.2.5:
    resolution: {integrity: sha512-3/GWa9aOC0YeD7LUfvOG2NiDyhOWRvt1k+rcKhOuYnMY24iiCphgneUfJDyFXd6rZCAnuLBv6UeAULtrhT/F4A==}
    engines: {node: '>=14'}
    hasBin: true
    dev: true

  /undici-types@5.26.5:
    resolution: {integrity: sha512-JlCMO+ehdEIKqlFxk6IfVoAUVmgz7cU7zD/h9XZ0qzeosSHmUJVOzSQvvYSYWXkFXC+IfLKSIffhv0sVZup6pA==}
    dev: true
